
Microsoft Visual Studio Solution File, Format Version 12.00
# Visual Studio Version 17
VisualStudioVersion = 17.8.34330.188
MinimumVisualStudioVersion = 10.0.40219.1
Project("{FAE04EC0-301F-11D3-BF4B-00C04F79EFBC}") = "apka", "apka\apka.csproj", "{224ABD3A-5682-4E54-8441-84B7119DF183}"
EndProject
Global
	GlobalSection(SolutionConfigurationPlatforms) = preSolution
		Debug|Any CPU = Debug|Any CPU
		Release|Any CPU = Release|Any CPU
	EndGlobalSection
	GlobalSection(ProjectConfigurationPlatforms) = postSolution
		{224ABD3A-5682-4E54-8441-84B7119DF183}.Debug|Any CPU.ActiveCfg = Debug|Any CPU
		{224ABD3A-5682-4E54-8441-84B7119DF183}.Debug|Any CPU.Build.0 = Debug|Any CPU
		{224ABD3A-5682-4E54-8441-84B7119DF183}.Release|Any CPU.ActiveCfg = Release|Any CPU
		{224ABD3A-5682-4E54-8441-84B7119DF183}.Release|Any CPU.Build.0 = Release|Any CPU
	EndGlobalSection
	GlobalSection(SolutionProperties) = preSolution
		HideSolutionNode = FALSE
	EndGlobalSection
	GlobalSection(ExtensibilityGlobals) = postSolution
		SolutionGuid = {3120E0EF-7DF1-463D-883C-80F3F7827316}
	EndGlobalSection
EndGlobal
